
Microsoft Visual Studio Solution File, Format Version 12.00
Project("{FAE04EC0-301F-11D3-BF4B-00C04F79EFBC}") = "WebApp", "WebApp\WebApp.csproj", "{4927282A-C0A1-4FB1-9EE3-AC60A1111CB6}"
EndProject
Project("{FAE04EC0-301F-11D3-BF4B-00C04F79EFBC}") = "App.Domain", "App.Domain\App.Domain.csproj", "{A98417DF-8DCA-4F4C-A814-AC76FF549107}"
EndProject
Project("{FAE04EC0-301F-11D3-BF4B-00C04F79EFBC}") = "Tests", "Tests\Tests.csproj", "{7B9DC724-6CD5-4595-8B1F-00E34A415AE1}"
EndProject
Project("{FAE04EC0-301F-11D3-BF4B-00C04F79EFBC}") = "App.DAL", "App.DAL\App.DAL.csproj", "{000B6E76-4AD6-44FD-9484-C07906D1FF82}"
EndProject
Project("{FAE04EC0-301F-11D3-BF4B-00C04F79EFBC}") = "Base.DAL", "Base.DAL\Base.DAL.csproj", "{C17A2B49-1175-4076-86A6-6405E42A042F}"
EndProject
Project("{2150E333-8FDC-42A3-9474-1A3956D46DE8}") = "SolutionFolder", "SolutionFolder", "{CD707F53-75D7-4489-B154-E77270093732}"
	ProjectSection(SolutionItems) = preProject
		OpusPortalERD.png = OpusPortalERD.png
		Dockerfile = Dockerfile
		.dockerignore = .dockerignore
		docker-compose.yml = docker-compose.yml
		.gitignore = .gitignore
	EndProjectSection
EndProject
Project("{2150E333-8FDC-42A3-9474-1A3956D46DE8}") = "App", "App", "{C8F0EAA0-DD55-4275-A91B-007193678818}"
EndProject
Project("{2150E333-8FDC-42A3-9474-1A3956D46DE8}") = "Base", "Base", "{0C04A09B-F82C-4BBF-A084-FE7DB8DC4D60}"
EndProject
Project("{FAE04EC0-301F-11D3-BF4B-00C04F79EFBC}") = "App.BLL", "App.BLL\App.BLL.csproj", "{A38383A8-6199-4DAC-B2FD-8E34CFC1EE0A}"
EndProject
Project("{FAE04EC0-301F-11D3-BF4B-00C04F79EFBC}") = "Public.DTO", "Public.DTO\Public.DTO.csproj", "{42DD8BB6-9959-4CC8-83E7-EADF72AD6E90}"
EndProject
Project("{FAE04EC0-301F-11D3-BF4B-00C04F79EFBC}") = "Base.BLL", "Base.BLL\Base.BLL.csproj", "{94E8FE19-8CBB-470F-A19E-A0AFDD42D078}"
EndProject
Project("{FAE04EC0-301F-11D3-BF4B-00C04F79EFBC}") = "Base.Helpers", "Base.Helpers\Base.Helpers.csproj", "{69F9A091-EBB0-4D12-A3D8-0EB46FD5FA81}"
EndProject
Project("{FAE04EC0-301F-11D3-BF4B-00C04F79EFBC}") = "Base.DTO", "Base.DTO\Base.DTO.csproj", "{742ADB8F-3981-4312-871C-9BF147BD0263}"
EndProject
Project("{FAE04EC0-301F-11D3-BF4B-00C04F79EFBC}") = "Base.Mappers", "Base.Mappers\Base.Mappers.csproj", "{E5DFA1A5-2651-450A-9A30-E97D8950D2B6}"
EndProject
Project("{FAE04EC0-301F-11D3-BF4B-00C04F79EFBC}") = "BLL.DTO", "BLL.DTO\BLL.DTO.csproj", "{E43D35B6-D323-4694-8A50-E779A1618FE1}"
EndProject
Project("{FAE04EC0-301F-11D3-BF4B-00C04F79EFBC}") = "App.BLL.Contracts", "App.BLL.Contracts\App.BLL.Contracts.csproj", "{913CA34D-4042-4495-8E6C-959FE42B5828}"
EndProject
Project("{FAE04EC0-301F-11D3-BF4B-00C04F79EFBC}") = "App.DAL.Contracts", "App.DAL.Contracts\App.DAL.Contracts.csproj", "{AFC6BE0E-4364-4C31-837D-DBDC17C356A2}"
EndProject
Project("{FAE04EC0-301F-11D3-BF4B-00C04F79EFBC}") = "Base.BLL.Contracts", "Base.BLL.Contracts\Base.BLL.Contracts.csproj", "{BF5F7752-2D89-443A-9FB0-05A18C898A37}"
EndProject
Project("{FAE04EC0-301F-11D3-BF4B-00C04F79EFBC}") = "Base.Mappers.Contracts", "Base.Mappers.Contracts\Base.Mappers.Contracts.csproj", "{63674942-9E1E-4DE8-B247-C2DF022ADB30}"
EndProject
Project("{FAE04EC0-301F-11D3-BF4B-00C04F79EFBC}") = "Base.Domain.Contracts", "Base.Domain.Contracts\Base.Domain.Contracts.csproj", "{D4FB6EF3-72DE-4329-8139-DDB46A667F73}"
EndProject
Project("{FAE04EC0-301F-11D3-BF4B-00C04F79EFBC}") = "Base.Domain", "Base.Domain\Base.Domain.csproj", "{DE80A784-5FC9-4FFE-BA92-8B71B2E2AA89}"
EndProject
Project("{2150E333-8FDC-42A3-9474-1A3956D46DE8}") = "Contracts", "Contracts", "{E86C13FA-5EAF-48A7-AC13-26708524B71A}"
EndProject
Project("{2150E333-8FDC-42A3-9474-1A3956D46DE8}") = "Contracts", "Contracts", "{40142A09-6BE2-4503-9543-69FA69C64608}"
EndProject
Global
	GlobalSection(SolutionConfigurationPlatforms) = preSolution
		Debug|Any CPU = Debug|Any CPU
		Release|Any CPU = Release|Any CPU
	EndGlobalSection
	GlobalSection(ProjectConfigurationPlatforms) = postSolution
		{4927282A-C0A1-4FB1-9EE3-AC60A1111CB6}.Debug|Any CPU.ActiveCfg = Debug|Any CPU
		{4927282A-C0A1-4FB1-9EE3-AC60A1111CB6}.Debug|Any CPU.Build.0 = Debug|Any CPU
		{4927282A-C0A1-4FB1-9EE3-AC60A1111CB6}.Release|Any CPU.ActiveCfg = Release|Any CPU
		{4927282A-C0A1-4FB1-9EE3-AC60A1111CB6}.Release|Any CPU.Build.0 = Release|Any CPU
		{A98417DF-8DCA-4F4C-A814-AC76FF549107}.Debug|Any CPU.ActiveCfg = Debug|Any CPU
		{A98417DF-8DCA-4F4C-A814-AC76FF549107}.Debug|Any CPU.Build.0 = Debug|Any CPU
		{A98417DF-8DCA-4F4C-A814-AC76FF549107}.Release|Any CPU.ActiveCfg = Release|Any CPU
		{A98417DF-8DCA-4F4C-A814-AC76FF549107}.Release|Any CPU.Build.0 = Release|Any CPU
		{7B9DC724-6CD5-4595-8B1F-00E34A415AE1}.Debug|Any CPU.ActiveCfg = Debug|Any CPU
		{7B9DC724-6CD5-4595-8B1F-00E34A415AE1}.Debug|Any CPU.Build.0 = Debug|Any CPU
		{7B9DC724-6CD5-4595-8B1F-00E34A415AE1}.Release|Any CPU.ActiveCfg = Release|Any CPU
		{7B9DC724-6CD5-4595-8B1F-00E34A415AE1}.Release|Any CPU.Build.0 = Release|Any CPU
		{000B6E76-4AD6-44FD-9484-C07906D1FF82}.Debug|Any CPU.ActiveCfg = Debug|Any CPU
		{000B6E76-4AD6-44FD-9484-C07906D1FF82}.Debug|Any CPU.Build.0 = Debug|Any CPU
		{000B6E76-4AD6-44FD-9484-C07906D1FF82}.Release|Any CPU.ActiveCfg = Release|Any CPU
		{000B6E76-4AD6-44FD-9484-C07906D1FF82}.Release|Any CPU.Build.0 = Release|Any CPU
		{C17A2B49-1175-4076-86A6-6405E42A042F}.Debug|Any CPU.ActiveCfg = Debug|Any CPU
		{C17A2B49-1175-4076-86A6-6405E42A042F}.Debug|Any CPU.Build.0 = Debug|Any CPU
		{C17A2B49-1175-4076-86A6-6405E42A042F}.Release|Any CPU.ActiveCfg = Release|Any CPU
		{C17A2B49-1175-4076-86A6-6405E42A042F}.Release|Any CPU.Build.0 = Release|Any CPU
		{A38383A8-6199-4DAC-B2FD-8E34CFC1EE0A}.Debug|Any CPU.ActiveCfg = Debug|Any CPU
		{A38383A8-6199-4DAC-B2FD-8E34CFC1EE0A}.Debug|Any CPU.Build.0 = Debug|Any CPU
		{A38383A8-6199-4DAC-B2FD-8E34CFC1EE0A}.Release|Any CPU.ActiveCfg = Release|Any CPU
		{A38383A8-6199-4DAC-B2FD-8E34CFC1EE0A}.Release|Any CPU.Build.0 = Release|Any CPU
		{42DD8BB6-9959-4CC8-83E7-EADF72AD6E90}.Debug|Any CPU.ActiveCfg = Debug|Any CPU
		{42DD8BB6-9959-4CC8-83E7-EADF72AD6E90}.Debug|Any CPU.Build.0 = Debug|Any CPU
		{42DD8BB6-9959-4CC8-83E7-EADF72AD6E90}.Release|Any CPU.ActiveCfg = Release|Any CPU
		{42DD8BB6-9959-4CC8-83E7-EADF72AD6E90}.Release|Any CPU.Build.0 = Release|Any CPU
		{94E8FE19-8CBB-470F-A19E-A0AFDD42D078}.Debug|Any CPU.ActiveCfg = Debug|Any CPU
		{94E8FE19-8CBB-470F-A19E-A0AFDD42D078}.Debug|Any CPU.Build.0 = Debug|Any CPU
		{94E8FE19-8CBB-470F-A19E-A0AFDD42D078}.Release|Any CPU.ActiveCfg = Release|Any CPU
		{94E8FE19-8CBB-470F-A19E-A0AFDD42D078}.Release|Any CPU.Build.0 = Release|Any CPU
		{69F9A091-EBB0-4D12-A3D8-0EB46FD5FA81}.Debug|Any CPU.ActiveCfg = Debug|Any CPU
		{69F9A091-EBB0-4D12-A3D8-0EB46FD5FA81}.Debug|Any CPU.Build.0 = Debug|Any CPU
		{69F9A091-EBB0-4D12-A3D8-0EB46FD5FA81}.Release|Any CPU.ActiveCfg = Release|Any CPU
		{69F9A091-EBB0-4D12-A3D8-0EB46FD5FA81}.Release|Any CPU.Build.0 = Release|Any CPU
		{742ADB8F-3981-4312-871C-9BF147BD0263}.Debug|Any CPU.ActiveCfg = Debug|Any CPU
		{742ADB8F-3981-4312-871C-9BF147BD0263}.Debug|Any CPU.Build.0 = Debug|Any CPU
		{742ADB8F-3981-4312-871C-9BF147BD0263}.Release|Any CPU.ActiveCfg = Release|Any CPU
		{742ADB8F-3981-4312-871C-9BF147BD0263}.Release|Any CPU.Build.0 = Release|Any CPU
		{E5DFA1A5-2651-450A-9A30-E97D8950D2B6}.Debug|Any CPU.ActiveCfg = Debug|Any CPU
		{E5DFA1A5-2651-450A-9A30-E97D8950D2B6}.Debug|Any CPU.Build.0 = Debug|Any CPU
		{E5DFA1A5-2651-450A-9A30-E97D8950D2B6}.Release|Any CPU.ActiveCfg = Release|Any CPU
		{E5DFA1A5-2651-450A-9A30-E97D8950D2B6}.Release|Any CPU.Build.0 = Release|Any CPU
		{E43D35B6-D323-4694-8A50-E779A1618FE1}.Debug|Any CPU.ActiveCfg = Debug|Any CPU
		{E43D35B6-D323-4694-8A50-E779A1618FE1}.Debug|Any CPU.Build.0 = Debug|Any CPU
		{E43D35B6-D323-4694-8A50-E779A1618FE1}.Release|Any CPU.ActiveCfg = Release|Any CPU
		{E43D35B6-D323-4694-8A50-E779A1618FE1}.Release|Any CPU.Build.0 = Release|Any CPU
		{913CA34D-4042-4495-8E6C-959FE42B5828}.Debug|Any CPU.ActiveCfg = Debug|Any CPU
		{913CA34D-4042-4495-8E6C-959FE42B5828}.Debug|Any CPU.Build.0 = Debug|Any CPU
		{913CA34D-4042-4495-8E6C-959FE42B5828}.Release|Any CPU.ActiveCfg = Release|Any CPU
		{913CA34D-4042-4495-8E6C-959FE42B5828}.Release|Any CPU.Build.0 = Release|Any CPU
		{AFC6BE0E-4364-4C31-837D-DBDC17C356A2}.Debug|Any CPU.ActiveCfg = Debug|Any CPU
		{AFC6BE0E-4364-4C31-837D-DBDC17C356A2}.Debug|Any CPU.Build.0 = Debug|Any CPU
		{AFC6BE0E-4364-4C31-837D-DBDC17C356A2}.Release|Any CPU.ActiveCfg = Release|Any CPU
		{AFC6BE0E-4364-4C31-837D-DBDC17C356A2}.Release|Any CPU.Build.0 = Release|Any CPU
		{BF5F7752-2D89-443A-9FB0-05A18C898A37}.Debug|Any CPU.ActiveCfg = Debug|Any CPU
		{BF5F7752-2D89-443A-9FB0-05A18C898A37}.Debug|Any CPU.Build.0 = Debug|Any CPU
		{BF5F7752-2D89-443A-9FB0-05A18C898A37}.Release|Any CPU.ActiveCfg = Release|Any CPU
		{BF5F7752-2D89-443A-9FB0-05A18C898A37}.Release|Any CPU.Build.0 = Release|Any CPU
		{63674942-9E1E-4DE8-B247-C2DF022ADB30}.Debug|Any CPU.ActiveCfg = Debug|Any CPU
		{63674942-9E1E-4DE8-B247-C2DF022ADB30}.Debug|Any CPU.Build.0 = Debug|Any CPU
		{63674942-9E1E-4DE8-B247-C2DF022ADB30}.Release|Any CPU.ActiveCfg = Release|Any CPU
		{63674942-9E1E-4DE8-B247-C2DF022ADB30}.Release|Any CPU.Build.0 = Release|Any CPU
		{D4FB6EF3-72DE-4329-8139-DDB46A667F73}.Debug|Any CPU.ActiveCfg = Debug|Any CPU
		{D4FB6EF3-72DE-4329-8139-DDB46A667F73}.Debug|Any CPU.Build.0 = Debug|Any CPU
		{D4FB6EF3-72DE-4329-8139-DDB46A667F73}.Release|Any CPU.ActiveCfg = Release|Any CPU
		{D4FB6EF3-72DE-4329-8139-DDB46A667F73}.Release|Any CPU.Build.0 = Release|Any CPU
		{DE80A784-5FC9-4FFE-BA92-8B71B2E2AA89}.Debug|Any CPU.ActiveCfg = Debug|Any CPU
		{DE80A784-5FC9-4FFE-BA92-8B71B2E2AA89}.Debug|Any CPU.Build.0 = Debug|Any CPU
		{DE80A784-5FC9-4FFE-BA92-8B71B2E2AA89}.Release|Any CPU.ActiveCfg = Release|Any CPU
		{DE80A784-5FC9-4FFE-BA92-8B71B2E2AA89}.Release|Any CPU.Build.0 = Release|Any CPU
	EndGlobalSection
	GlobalSection(NestedProjects) = preSolution
		{000B6E76-4AD6-44FD-9484-C07906D1FF82} = {C8F0EAA0-DD55-4275-A91B-007193678818}
		{A98417DF-8DCA-4F4C-A814-AC76FF549107} = {C8F0EAA0-DD55-4275-A91B-007193678818}
		{7B9DC724-6CD5-4595-8B1F-00E34A415AE1} = {C8F0EAA0-DD55-4275-A91B-007193678818}
		{4927282A-C0A1-4FB1-9EE3-AC60A1111CB6} = {C8F0EAA0-DD55-4275-A91B-007193678818}
		{C17A2B49-1175-4076-86A6-6405E42A042F} = {0C04A09B-F82C-4BBF-A084-FE7DB8DC4D60}
		{A38383A8-6199-4DAC-B2FD-8E34CFC1EE0A} = {C8F0EAA0-DD55-4275-A91B-007193678818}
		{42DD8BB6-9959-4CC8-83E7-EADF72AD6E90} = {C8F0EAA0-DD55-4275-A91B-007193678818}
		{94E8FE19-8CBB-470F-A19E-A0AFDD42D078} = {0C04A09B-F82C-4BBF-A084-FE7DB8DC4D60}
		{69F9A091-EBB0-4D12-A3D8-0EB46FD5FA81} = {0C04A09B-F82C-4BBF-A084-FE7DB8DC4D60}
		{742ADB8F-3981-4312-871C-9BF147BD0263} = {0C04A09B-F82C-4BBF-A084-FE7DB8DC4D60}
		{E5DFA1A5-2651-450A-9A30-E97D8950D2B6} = {0C04A09B-F82C-4BBF-A084-FE7DB8DC4D60}
		{E43D35B6-D323-4694-8A50-E779A1618FE1} = {C8F0EAA0-DD55-4275-A91B-007193678818}
		{DE80A784-5FC9-4FFE-BA92-8B71B2E2AA89} = {0C04A09B-F82C-4BBF-A084-FE7DB8DC4D60}
		{E86C13FA-5EAF-48A7-AC13-26708524B71A} = {0C04A09B-F82C-4BBF-A084-FE7DB8DC4D60}
		{BF5F7752-2D89-443A-9FB0-05A18C898A37} = {E86C13FA-5EAF-48A7-AC13-26708524B71A}
		{D4FB6EF3-72DE-4329-8139-DDB46A667F73} = {E86C13FA-5EAF-48A7-AC13-26708524B71A}
		{63674942-9E1E-4DE8-B247-C2DF022ADB30} = {E86C13FA-5EAF-48A7-AC13-26708524B71A}
		{40142A09-6BE2-4503-9543-69FA69C64608} = {C8F0EAA0-DD55-4275-A91B-007193678818}
		{913CA34D-4042-4495-8E6C-959FE42B5828} = {40142A09-6BE2-4503-9543-69FA69C64608}
		{AFC6BE0E-4364-4C31-837D-DBDC17C356A2} = {40142A09-6BE2-4503-9543-69FA69C64608}
	EndGlobalSection
EndGlobal
